lockfileVersion: '6.0'

settings:
  autoInstallPeers: true
  excludeLinksFromLockfile: false

dependencies:
  ini:
    specifier: ^2.0.0
    version: 2.0.0
  node-watch:
    specifier: ^0.7.3
    version: 0.7.3
  nodejs-websocket:
    specifier: ^1.7.2
    version: 1.7.2
  vm2:
    specifier: ^3.9.9
    version: 3.9.9

packages:

  /acorn-walk@8.2.0:
    resolution: {integrity: sha512-k+iyHEuPgSw6SbuDpGQM+06HQUa04DZ3o+F6CSzXMvvI5KMvnaEqXe+YVe555R9nn6GPt404fos4wcgpw12SDA==}
    engines: {node: '>=0.4.0'}
    dev: false

  /acorn@8.7.0:
    resolution: {integrity: sha512-V/LGr1APy+PXIwKebEWrkZPwoeoF+w1jiOBUmuxuiUIaOHtob8Qc9BTrYo7VuI5fR8tqsy+buA2WFooR5olqvQ==}
    engines: {node: '>=0.4.0'}
    hasBin: true
    dev: false

  /ini@2.0.0:
    resolution: {integrity: sha512-7PnF4oN3CvZF23ADhA5wRaYEQpJ8qygSkbtTXWBeXWXmEVRXK+1ITciHWwHhsjv1TmW0MgacIv6hEi5pX5NQdA==}
    engines: {node: '>=10'}
    dev: false

  /node-watch@0.7.3:
    resolution: {integrity: sha512-3l4E8uMPY1HdMMryPRUAl+oIHtXtyiTlIiESNSVSNxcPfzAFzeTbXFQkZfAwBbo0B1qMSG8nUABx+Gd+YrbKrQ==}
    engines: {node: '>=6'}
    dev: false

  /nodejs-websocket@1.7.2:
    resolution: {integrity: sha512-PFX6ypJcCNDs7obRellR0DGTebfUhw1SXGKe2zpB+Ng1DQJhdzbzx1ob+AvJCLzy2TJF4r8cCDqMQqei1CZdPQ==}
    engines: {node: '>=4'}
    dev: false

  /vm2@3.9.9:
    resolution: {integrity: sha512-xwTm7NLh/uOjARRBs8/95H0e8fT3Ukw5D/JJWhxMbhKzNh1Nu981jQKvkep9iKYNxzlVrdzD0mlBGkDKZWprlw==}
    engines: {node: '>=6.0'}
    deprecated: The library contains critical security issues and should not be used for production! The maintenance of the project has been discontinued. Consider migrating your code to isolated-vm.
    hasBin: true
    dependencies:
      acorn: 8.7.0
      acorn-walk: 8.2.0
    dev: false
